// !$*UTF8*$!
{
	archiveVersion = 1;
	classes = {
	};
	objectVersion = 46;
	objects = {

/* Begin PBXBuildFile section */
		13F9C8331B0C2C982C9CA14F /* CommanderOne.m in Sources */ = {isa = PBXBuildFile; fileRef = 13F9C749F4EF0EFB3F09E5CC /* CommanderOne.m */; };
		13F9C8BD40BFC0BD5697F05F /* Images.xcassets in Resources */ = {isa = PBXBuildFile; fileRef = 13F9C81FB41E59E5B1EF4FD9 /* Images.xcassets */; };
		13F9C9CACDE21D1AB57BD94D /* MainMenu.xib in Resources */ = {isa = PBXBuildFile; fileRef = 13F9CAF1018B8DF204603BAC /* MainMenu.xib */; };
		7C4BC63B1CCA94D200C72BA1 /* Settings.m in Sources */ = {isa = PBXBuildFile; fileRef = 7C4BC63A1CCA94D200C72BA1 /* Settings.m */; };
		7CD93A731F7EBE3D00C4AA85 /* Simulator.m in Sources */ = {isa = PBXBuildFile; fileRef = 7CD93A721F7EBE3D00C4AA85 /* Simulator.m */; };
		9AE0DDA41DAE4852000029EC /* empty_icon.png in Resources */ = {isa = PBXBuildFile; fileRef = 9AE0DDA31DAE4852000029EC /* empty_icon.png */; };
		BE7C115219E56B4F001A6220 /* main.m in Sources */ = {isa = PBXBuildFile; fileRef = BE7C115119E56B4F001A6220 /* main.m */; };
		BE7C115519E56B4F001A6220 /* AppDelegate.m in Sources */ = {isa = PBXBuildFile; fileRef = BE7C115419E56B4F001A6220 /* AppDelegate.m */; };
		EAE2ADCE1EAF7207009D3F39 /* FileManager.m in Sources */ = {isa = PBXBuildFile; fileRef = EAE2ADCD1EAF7207009D3F39 /* FileManager.m */; };
		EAE2ADD21EB07943009D3F39 /* Realm.m in Sources */ = {isa = PBXBuildFile; fileRef = EAE2ADD11EB07943009D3F39 /* Realm.m */; };
/* End PBXBuildFile section */

/* Begin PBXFileReference section */
		13F9C038950463FE8C9CF8F9 /* Base */ = {isa = PBXFileReference; lastKnownFileType = file.xib; name = Base; path = SimSim/Base.lproj/MainMenu.xib; sourceTree = SOURCE_ROOT; };
		13F9C749F4EF0EFB3F09E5CC /* CommanderOne.m */ = {isa = PBXFileReference; fileEncoding = 4; lastKnownFileType = sourcecode.c.objc; path = CommanderOne.m; sourceTree = "<group>"; };
		13F9C81FB41E59E5B1EF4FD9 /* Images.xcassets */ = {isa = PBXFileReference; lastKnownFileType = folder.assetcatalog; path = Images.xcassets; sourceTree = "<group>"; };
		13F9CCF810DDA295016EC047 /* CommanderOne.h */ = {isa = PBXFileReference; fileEncoding = 4; lastKnownFileType = sourcecode.c.h; path = CommanderOne.h; sourceTree = "<group>"; };
		7C4BC6391CCA94D200C72BA1 /* Settings.h */ = {isa = PBXFileReference; fileEncoding = 4; lastKnownFileType = sourcecode.c.h; path = Settings.h; sourceTree = "<group>"; };
		7C4BC63A1CCA94D200C72BA1 /* Settings.m */ = {isa = PBXFileReference; fileEncoding = 4; lastKnownFileType = sourcecode.c.objc; path = Settings.m; sourceTree = "<group>"; };
		7C85CC561D11824B008ED739 /* SimSim.entitlements */ = {isa = PBXFileReference; lastKnownFileType = text.xml; path = SimSim.entitlements; sourceTree = "<group>"; };
		7CD93A711F7EBE3D00C4AA85 /* Simulator.h */ = {isa = PBXFileReference; lastKnownFileType = sourcecode.c.h; path = Simulator.h; sourceTree = "<group>"; };
		7CD93A721F7EBE3D00C4AA85 /* Simulator.m */ = {isa = PBXFileReference; lastKnownFileType = sourcecode.c.objc; path = Simulator.m; sourceTree = "<group>"; };
		9AE0DDA31DAE4852000029EC /* empty_icon.png */ = {isa = PBXFileReference; lastKnownFileType = image.png; path = empty_icon.png; sourceTree = "<group>"; };
		BE7C114C19E56B4F001A6220 /* SimSim.app */ = {isa = PBXFileReference; explicitFileType = wrapper.application; includeInIndex = 0; path = SimSim.app; sourceTree = BUILT_PRODUCTS_DIR; };
		BE7C115019E56B4F001A6220 /* Info.plist */ = {isa = PBXFileReference; lastKnownFileType = text.plist.xml; path = Info.plist; sourceTree = "<group>"; };
		BE7C115119E56B4F001A6220 /* main.m */ = {isa = PBXFileReference; lastKnownFileType = sourcecode.c.objc; path = main.m; sourceTree = "<group>"; };
		BE7C115319E56B4F001A6220 /* AppDelegate.h */ = {isa = PBXFileReference; lastKnownFileType = sourcecode.c.h; path = AppDelegate.h; sourceTree = "<group>"; };
		BE7C115419E56B4F001A6220 /* AppDelegate.m */ = {isa = PBXFileReference; lastKnownFileType = sourcecode.c.objc; path = AppDelegate.m; sourceTree = "<group>"; };
		EAE2ADCC1EAF7207009D3F39 /* FileManager.h */ = {isa = PBXFileReference; fileEncoding = 4; lastKnownFileType = sourcecode.c.h; name = FileManager.h; path = Libs/FileManager.h; sourceTree = "<group>"; };
		EAE2ADCD1EAF7207009D3F39 /* FileManager.m */ = {isa = PBXFileReference; fileEncoding = 4; lastKnownFileType = sourcecode.c.objc; name = FileManager.m; path = Libs/FileManager.m; sourceTree = "<group>"; };
		EAE2ADD01EB07943009D3F39 /* Realm.h */ = {isa = PBXFileReference; fileEncoding = 4; lastKnownFileType = sourcecode.c.h; path = Realm.h; sourceTree = "<group>"; };
		EAE2ADD11EB07943009D3F39 /* Realm.m */ = {isa = PBXFileReference; fileEncoding = 4; lastKnownFileType = sourcecode.c.objc; path = Realm.m; sourceTree = "<group>"; };
/* End PBXFileReference section */

/* Begin PBXFrameworksBuildPhase section */
		BE7C114919E56B4F001A6220 /* Frameworks */ = {
			isa = PBXFrameworksBuildPhase;
			buildActionMask = 2147483647;
			files = (
			);
			runOnlyForDeploymentPostprocessing = 0;
		};
/* End PBXFrameworksBuildPhase section */

/* Begin PBXGroup section */
		13F9C773A02CE69113A5F183 /* FileManagerSupport */ = {
			isa = PBXGroup;
			children = (
				13F9C749F4EF0EFB3F09E5CC /* CommanderOne.m */,
				13F9CCF810DDA295016EC047 /* CommanderOne.h */,
			);
			path = FileManagerSupport;
			sourceTree = "<group>";
		};
		13F9CD9C30F220C6ED2765F1 /* Resources */ = {
			isa = PBXGroup;
			children = (
				9AE0DDA31DAE4852000029EC /* empty_icon.png */,
				13F9C81FB41E59E5B1EF4FD9 /* Images.xcassets */,
				13F9CAF1018B8DF204603BAC /* MainMenu.xib */,
			);
			path = Resources;
			sourceTree = "<group>";
		};
		7CD93A701F7EBE1F00C4AA85 /* Entities */ = {
			isa = PBXGroup;
			children = (
				7CD93A711F7EBE3D00C4AA85 /* Simulator.h */,
				7CD93A721F7EBE3D00C4AA85 /* Simulator.m */,
			);
			path = Entities;
			sourceTree = "<group>";
		};
		BE7C114319E56B4F001A6220 = {
			isa = PBXGroup;
			children = (
				7C85CC561D11824B008ED739 /* SimSim.entitlements */,
				BE7C114E19E56B4F001A6220 /* SimSim */,
				BE7C114D19E56B4F001A6220 /* Products */,
			);
			sourceTree = "<group>";
		};
		BE7C114D19E56B4F001A6220 /* Products */ = {
			isa = PBXGroup;
			children = (
				BE7C114C19E56B4F001A6220 /* SimSim.app */,
			);
			name = Products;
			sourceTree = "<group>";
		};
		BE7C114E19E56B4F001A6220 /* SimSim */ = {
			isa = PBXGroup;
			children = (
				7CD93A701F7EBE1F00C4AA85 /* Entities */,
				EAE2ADCB1EAF71E9009D3F39 /* Libs */,
				EA028AAB1EAF40A5008ECFA9 /* Modules */,
				BE7C115319E56B4F001A6220 /* AppDelegate.h */,
				BE7C115419E56B4F001A6220 /* AppDelegate.m */,
				7C4BC6391CCA94D200C72BA1 /* Settings.h */,
				7C4BC63A1CCA94D200C72BA1 /* Settings.m */,
				BE7C114F19E56B4F001A6220 /* Supporting Files */,
				13F9C773A02CE69113A5F183 /* FileManagerSupport */,
				13F9CD9C30F220C6ED2765F1 /* Resources */,
			);
			path = SimSim;
			sourceTree = "<group>";
		};
		BE7C114F19E56B4F001A6220 /* Supporting Files */ = {
			isa = PBXGroup;
			children = (
				BE7C115019E56B4F001A6220 /* Info.plist */,
				BE7C115119E56B4F001A6220 /* main.m */,
			);
			name = "Supporting Files";
			sourceTree = "<group>";
		};
		EA028AAB1EAF40A5008ECFA9 /* Modules */ = {
			isa = PBXGroup;
			children = (
				EAE2ADCF1EB07943009D3F39 /* Realm */,
			);
			name = Modules;
			sourceTree = "<group>";
		};
		EAE2ADCB1EAF71E9009D3F39 /* Libs */ = {
			isa = PBXGroup;
			children = (
				EAE2ADCC1EAF7207009D3F39 /* FileManager.h */,
				EAE2ADCD1EAF7207009D3F39 /* FileManager.m */,
			);
			name = Libs;
			sourceTree = "<group>";
		};
		EAE2ADCF1EB07943009D3F39 /* Realm */ = {
			isa = PBXGroup;
			children = (
				EAE2ADD01EB07943009D3F39 /* Realm.h */,
				EAE2ADD11EB07943009D3F39 /* Realm.m */,
			);
			name = Realm;
			path = Modules/Realm;
			sourceTree = "<group>";
		};
/* End PBXGroup section */

/* Begin PBXNativeTarget section */
		BE7C114B19E56B4F001A6220 /* SimSim */ = {
			isa = PBXNativeTarget;
			buildConfigurationList = BE7C116919E56B4F001A6220 /* Build configuration list for PBXNativeTarget "SimSim" */;
			buildPhases = (
				BE7C114819E56B4F001A6220 /* Sources */,
				BE7C114919E56B4F001A6220 /* Frameworks */,
				BE7C114A19E56B4F001A6220 /* Resources */,
			);
			buildRules = (
			);
			dependencies = (
			);
			name = SimSim;
			productName = SimSim;
			productReference = BE7C114C19E56B4F001A6220 /* SimSim.app */;
			productType = "com.apple.product-type.application";
		};
/* End PBXNativeTarget section */

/* Begin PBXProject section */
		BE7C114419E56B4F001A6220 /* Project object */ = {
			isa = PBXProject;
			attributes = {
				LastUpgradeCheck = 0820;
				ORGANIZATIONNAME = DaniilSmelov;
				TargetAttributes = {
					BE7C114B19E56B4F001A6220 = {
						CreatedOnToolsVersion = 6.0.1;
					};
				};
			};
			buildConfigurationList = BE7C114719E56B4F001A6220 /* Build configuration list for PBXProject "SimSim" */;
			compatibilityVersion = "Xcode 3.2";
			developmentRegion = English;
			hasScannedForEncodings = 0;
			knownRegions = (
				en,
				Base,
			);
			mainGroup = BE7C114319E56B4F001A6220;
			productRefGroup = BE7C114D19E56B4F001A6220 /* Products */;
			projectDirPath = "";
			projectRoot = "";
			targets = (
				BE7C114B19E56B4F001A6220 /* SimSim */,
			);
		};
/* End PBXProject section */

/* Begin PBXResourcesBuildPhase section */
		BE7C114A19E56B4F001A6220 /* Resources */ = {
			isa = PBXResourcesBuildPhase;
			buildActionMask = 2147483647;
			files = (
				13F9C8BD40BFC0BD5697F05F /* Images.xcassets in Resources */,
				9AE0DDA41DAE4852000029EC /* empty_icon.png in Resources */,
				13F9C9CACDE21D1AB57BD94D /* MainMenu.xib in Resources */,
			);
			runOnlyForDeploymentPostprocessing = 0;
		};
/* End PBXResourcesBuildPhase section */

/* Begin PBXSourcesBuildPhase section */
		BE7C114819E56B4F001A6220 /* Sources */ = {
			isa = PBXSourcesBuildPhase;
			buildActionMask = 2147483647;
			files = (
				BE7C115519E56B4F001A6220 /* AppDelegate.m in Sources */,
				BE7C115219E56B4F001A6220 /* main.m in Sources */,
				7C4BC63B1CCA94D200C72BA1 /* Settings.m in Sources */,
				EAE2ADD21EB07943009D3F39 /* Realm.m in Sources */,
				13F9C8331B0C2C982C9CA14F /* CommanderOne.m in Sources */,
				EAE2ADCE1EAF7207009D3F39 /* FileManager.m in Sources */,
				7CD93A731F7EBE3D00C4AA85 /* Simulator.m in Sources */,
			);
			runOnlyForDeploymentPostprocessing = 0;
		};
/* End PBXSourcesBuildPhase section */

/* Begin PBXVariantGroup section */
		13F9CAF1018B8DF204603BAC /* MainMenu.xib */ = {
			isa = PBXVariantGroup;
			children = (
				13F9C038950463FE8C9CF8F9 /* Base */,
			);
			name = MainMenu.xib;
			sourceTree = "<group>";
		};
/* End PBXVariantGroup section */

/* Begin XCBuildConfiguration section */
		BE7C116719E56B4F001A6220 /* Debug */ = {
			isa = XCBuildConfiguration;
			buildSettings = {
				ALWAYS_SEARCH_USER_PATHS = NO;
				CLANG_CXX_LANGUAGE_STANDARD = "gnu++0x";
				CLANG_CXX_LIBRARY = "libc++";
				CLANG_ENABLE_MODULES = YES;
				CLANG_ENABLE_OBJC_ARC = YES;
				CLANG_WARN_BOOL_CONVERSION = YES;
				CLANG_WARN_CONSTANT_CONVERSION = YES;
				CLANG_WARN_DIRECT_OBJC_ISA_USAGE = YES_ERROR;
				CLANG_WARN_EMPTY_BODY = YES;
				CLANG_WARN_ENUM_CONVERSION = YES;
				CLANG_WARN_INFINITE_RECURSION = YES;
				CLANG_WARN_INT_CONVERSION = YES;
				CLANG_WARN_OBJC_ROOT_CLASS = YES_ERROR;
				CLANG_WARN_SUSPICIOUS_MOVE = YES;
				CLANG_WARN_UNREACHABLE_CODE = YES;
				CLANG_WARN__DUPLICATE_METHOD_MATCH = YES;
				CODE_SIGN_IDENTITY = "-";
				COPY_PHASE_STRIP = NO;
				ENABLE_STRICT_OBJC_MSGSEND = YES;
				ENABLE_TESTABILITY = YES;
				GCC_C_LANGUAGE_STANDARD = gnu99;
				GCC_DYNAMIC_NO_PIC = NO;
				GCC_NO_COMMON_BLOCKS = YES;
				GCC_OPTIMIZATION_LEVEL = 0;
				GCC_PREPROCESSOR_DEFINITIONS = (
					"DEBUG=1",
					"$(inherited)",
				);
				GCC_SYMBOLS_PRIVATE_EXTERN = NO;
				GCC_WARN_64_TO_32_BIT_CONVERSION = YES;
				GCC_WARN_ABOUT_RETURN_TYPE = YES_ERROR;
				GCC_WARN_UNDECLARED_SELECTOR = YES;
				GCC_WARN_UNINITIALIZED_AUTOS = YES_AGGRESSIVE;
				GCC_WARN_UNUSED_FUNCTION = YES;
				GCC_WARN_UNUSED_VARIABLE = YES;
				MACOSX_DEPLOYMENT_TARGET = 10.10;
				MTL_ENABLE_DEBUG_INFO = YES;
				ONLY_ACTIVE_ARCH = YES;
				SDKROOT = macosx;
			};
			name = Debug;
		};
		BE7C116819E56B4F001A6220 /* Release */ = {
			isa = XCBuildConfiguration;
			buildSettings = {
				ALWAYS_SEARCH_USER_PATHS = NO;
				CLANG_CXX_LANGUAGE_STANDARD = "gnu++0x";
				CLANG_CXX_LIBRARY = "libc++";
				CLANG_ENABLE_MODULES = YES;
				CLANG_ENABLE_OBJC_ARC = YES;
				CLANG_WARN_BOOL_CONVERSION = YES;
				CLANG_WARN_CONSTANT_CONVERSION = YES;
				CLANG_WARN_DIRECT_OBJC_ISA_USAGE = YES_ERROR;
				CLANG_WARN_EMPTY_BODY = YES;
				CLANG_WARN_ENUM_CONVERSION = YES;
				CLANG_WARN_INFINITE_RECURSION = YES;
				CLANG_WARN_INT_CONVERSION = YES;
				CLANG_WARN_OBJC_ROOT_CLASS = YES_ERROR;
				CLANG_WARN_SUSPICIOUS_MOVE = YES;
				CLANG_WARN_UNREACHABLE_CODE = YES;
				CLANG_WARN__DUPLICATE_METHOD_MATCH = YES;
				CODE_SIGN_IDENTITY = "-";
				COPY_PHASE_STRIP = YES;
				DEBUG_INFORMATION_FORMAT = "dwarf-with-dsym";
				ENABLE_NS_ASSERTIONS = NO;
				ENABLE_STRICT_OBJC_MSGSEND = YES;
				GCC_C_LANGUAGE_STANDARD = gnu99;
				GCC_NO_COMMON_BLOCKS = YES;
				GCC_WARN_64_TO_32_BIT_CONVERSION = YES;
				GCC_WARN_ABOUT_RETURN_TYPE = YES_ERROR;
				GCC_WARN_UNDECLARED_SELECTOR = YES;
				GCC_WARN_UNINITIALIZED_AUTOS = YES_AGGRESSIVE;
				GCC_WARN_UNUSED_FUNCTION = YES;
				GCC_WARN_UNUSED_VARIABLE = YES;
				MACOSX_DEPLOYMENT_TARGET = 10.10;
				MTL_ENABLE_DEBUG_INFO = NO;
				SDKROOT = macosx;
			};
			name = Release;
		};
		BE7C116A19E56B4F001A6220 /* Debug */ = {
			isa = XCBuildConfiguration;
			buildSettings = {
				ASSETCATALOG_COMPILER_APPICON_NAME = AppIcon;
				COMBINE_HIDPI_IMAGES = YES;
				INFOPLIST_FILE = SimSim/Info.plist;
				LD_RUNPATH_SEARCH_PATHS = "$(inherited) @executable_path/../Frameworks";
				PRODUCT_BUNDLE_IDENTIFIER = com.dsmelov.SimSim;
				PRODUCT_NAME = "$(TARGET_NAME)";
			};
			name = Debug;
		};
		BE7C116B19E56B4F001A6220 /* Release */ = {
			isa = XCBuildConfiguration;
			buildSettings = {
				ASSETCATALOG_COMPILER_APPICON_NAME = AppIcon;
				COMBINE_HIDPI_IMAGES = YES;
				INFOPLIST_FILE = SimSim/Info.plist;
				LD_RUNPATH_SEARCH_PATHS = "$(inherited) @executable_path/../Frameworks";
				PRODUCT_BUNDLE_IDENTIFIER = com.dsmelov.SimSim;
				PRODUCT_NAME = "$(TARGET_NAME)";
			};
			name = Release;
		};
/* End XCBuildConfiguration section */

/* Begin XCConfigurationList section */
		BE7C114719E56B4F001A6220 /* Build configuration list for PBXProject "SimSim" */ = {
			isa = XCConfigurationList;
			buildConfigurations = (
				BE7C116719E56B4F001A6220 /* Debug */,
				BE7C116819E56B4F001A6220 /* Release */,
			);
			defaultConfigurationIsVisible = 0;
			defaultConfigurationName = Release;
		};
		BE7C116919E56B4F001A6220 /* Build configuration list for PBXNativeTarget "SimSim" */ = {
			isa = XCConfigurationList;
			buildConfigurations = (
				BE7C116A19E56B4F001A6220 /* Debug */,
				BE7C116B19E56B4F001A6220 /* Release */,
			);
			defaultConfigurationIsVisible = 0;
			defaultConfigurationName = Release;
		};
/* End XCConfigurationList section */
	};
	rootObject = BE7C114419E56B4F001A6220 /* Project object */;
}
